
Microsoft Visual Studio Solution File, Format Version 12.00
# Visual Studio Version 16
VisualStudioVersion = 16.0.28803.202
MinimumVisualStudioVersion = 10.0.40219.1
Project("{FAE04EC0-301F-11D3-BF4B-00C04F79EFBC}") = "AngularAPI2_2", "AngularAPI2_2\AngularAPI2_2.csproj", "{DCBAC448-686B-4E1C-8AE9-6DDCFABB4539}"
EndProject
Global
	GlobalSection(SolutionConfigurationPlatforms) = preSolution
		Debug|Any CPU = Debug|Any CPU
		Release|Any CPU = Release|Any CPU
	EndGlobalSection
	GlobalSection(ProjectConfigurationPlatforms) = postSolution
		{DCBAC448-686B-4E1C-8AE9-6DDCFABB4539}.Debug|Any CPU.ActiveCfg = Debug|Any CPU
		{DCBAC448-686B-4E1C-8AE9-6DDCFABB4539}.Debug|Any CPU.Build.0 = Debug|Any CPU
		{DCBAC448-686B-4E1C-8AE9-6DDCFABB4539}.Release|Any CPU.ActiveCfg = Release|Any CPU
		{DCBAC448-686B-4E1C-8AE9-6DDCFABB4539}.Release|Any CPU.Build.0 = Release|Any CPU
	EndGlobalSection
	GlobalSection(SolutionProperties) = preSolution
		HideSolutionNode = FALSE
	EndGlobalSection
	GlobalSection(ExtensibilityGlobals) = postSolution
		SolutionGuid = {9E7AD9F1-C3D4-4138-A691-ED84BABD318E}
	EndGlobalSection
EndGlobal
